// !$*UTF8*$!
{
	archiveVersion = 1;
	classes = {
	};
	objectVersion = 77;
	objects = {

/* Begin PBXContainerItemProxy section */
		CD73B4842DA2FBD60033465A /* PBXContainerItemProxy */ = {
			isa = PBXContainerItemProxy;
			containerPortal = CD73B4622DA2FBD30033465A /* Project object */;
			proxyType = 1;
			remoteGlobalIDString = CD73B4692DA2FBD30033465A;
			remoteInfo = ExpensesManager;
		};
		CD73B48E2DA2FBD60033465A /* PBXContainerItemProxy */ = {
			isa = PBXContainerItemProxy;
			containerPortal = CD73B4622DA2FBD30033465A /* Project object */;
			proxyType = 1;
			remoteGlobalIDString = CD73B4692DA2FBD30033465A;
			remoteInfo = ExpensesManager;
		};
/* End PBXContainerItemProxy section */

/* Begin PBXFileReference section */
		CD73B46A2DA2FBD30033465A /* ExpensesManager.app */ = {isa = PBXFileReference; explicitFileType = wrapper.application; includeInIndex = 0; path = ExpensesManager.app; sourceTree = BUILT_PRODUCTS_DIR; };
		CD73B4832DA2FBD60033465A /* ExpensesManagerTests.xctest */ = {isa = PBXFileReference; explicitFileType = wrapper.cfbundle; includeInIndex = 0; path = ExpensesManagerTests.xctest; sourceTree = BUILT_PRODUCTS_DIR; };
		CD73B48D2DA2FBD60033465A /* ExpensesManagerUITests.xctest */ = {isa = PBXFileReference; explicitFileType = wrapper.cfbundle; includeInIndex = 0; path = ExpensesManagerUITests.xctest; sourceTree = BUILT_PRODUCTS_DIR; };
/* End PBXFileReference section */

/* Begin PBXFileSystemSynchronizedBuildFileExceptionSet section */
		5F9A56E72DA8EB82005C014D /* Exceptions for "ExpensesManagerTests" folder in "ExpensesManager" target */ = {
			isa = PBXFileSystemSynchronizedBuildFileExceptionSet;
			membershipExceptions = (
				imageTest.jpg,
			);
			target = CD73B4692DA2FBD30033465A /* ExpensesManager */;
		};
		5F9A56E82DA8EB82005C014D /* Exceptions for "ExpensesManagerTests" folder in "ExpensesManagerUITests" target */ = {
			isa = PBXFileSystemSynchronizedBuildFileExceptionSet;
			membershipExceptions = (
				imageTest.jpg,
			);
			target = CD73B48C2DA2FBD60033465A /* ExpensesManagerUITests */;
		};
		CD73B4952DA2FBD60033465A /* Exceptions for "ExpensesManager" folder in "ExpensesManager" target */ = {
			isa = PBXFileSystemSynchronizedBuildFileExceptionSet;
			membershipExceptions = (
				Info.plist,
			);
			target = CD73B4692DA2FBD30033465A /* ExpensesManager */;
		};
/* End PBXFileSystemSynchronizedBuildFileExceptionSet section */

/* Begin PBXFileSystemSynchronizedRootGroup section */
		CD73B46C2DA2FBD30033465A /* ExpensesManager */ = {
			isa = PBXFileSystemSynchronizedRootGroup;
			exceptions = (
				CD73B4952DA2FBD60033465A /* Exceptions for "ExpensesManager" folder in "ExpensesManager" target */,
			);
			path = ExpensesManager;
			sourceTree = "<group>";
		};
		CD73B4862DA2FBD60033465A /* ExpensesManagerTests */ = {
			isa = PBXFileSystemSynchronizedRootGroup;
			exceptions = (
				5F9A56E72DA8EB82005C014D /* Exceptions for "ExpensesManagerTests" folder in "ExpensesManager" target */,
				5F9A56E82DA8EB82005C014D /* Exceptions for "ExpensesManagerTests" folder in "ExpensesManagerUITests" target */,
			);
			path = ExpensesManagerTests;
			sourceTree = "<group>";
		};
		CD73B4902DA2FBD60033465A /* ExpensesManagerUITests */ = {
			isa = PBXFileSystemSynchronizedRootGroup;
			path = ExpensesManagerUITests;
			sourceTree = "<group>";
		};
/* End PBXFileSystemSynchronizedRootGroup section */

/* Begin PBXFrameworksBuildPhase section */
		CD73B4672DA2FBD30033465A /* Frameworks */ = {
			isa = PBXFrameworksBuildPhase;
			buildActionMask = 2147483647;
			files = (
			);
			runOnlyForDeploymentPostprocessing = 0;
		};
		CD73B4802DA2FBD60033465A /* Frameworks */ = {
			isa = PBXFrameworksBuildPhase;
			buildActionMask = 2147483647;
			files = (
			);
			runOnlyForDeploymentPostprocessing = 0;
		};
		CD73B48A2DA2FBD60033465A /* Frameworks */ = {
			isa = PBXFrameworksBuildPhase;
			buildActionMask = 2147483647;
			files = (
			);
			runOnlyForDeploymentPostprocessing = 0;
		};
/* End PBXFrameworksBuildPhase section */

/* Begin PBXGroup section */
		CD73B4612DA2FBD30033465A = {
			isa = PBXGroup;
			children = (
				CD73B46C2DA2FBD30033465A /* ExpensesManager */,
				CD73B4862DA2FBD60033465A /* ExpensesManagerTests */,
				CD73B4902DA2FBD60033465A /* ExpensesManagerUITests */,
				CD73B46B2DA2FBD30033465A /* Products */,
			);
			sourceTree = "<group>";
		};
		CD73B46B2DA2FBD30033465A /* Products */ = {
			isa = PBXGroup;
			children = (
				CD73B46A2DA2FBD30033465A /* ExpensesManager.app */,
				CD73B4832DA2FBD60033465A /* ExpensesManagerTests.xctest */,
				CD73B48D2DA2FBD60033465A /* ExpensesManagerUITests.xctest */,
			);
			name = Products;
			sourceTree = "<group>";
		};
/* End PBXGroup section */

/* Begin PBXNativeTarget section */
		CD73B4692DA2FBD30033465A /* ExpensesManager */ = {
			isa = PBXNativeTarget;
			buildConfigurationList = CD73B4962DA2FBD60033465A /* Build configuration list for PBXNativeTarget "ExpensesManager" */;
			buildPhases = (
				CD73B4662DA2FBD30033465A /* Sources */,
				CD73B4672DA2FBD30033465A /* Frameworks */,
				CD73B4682DA2FBD30033465A /* Resources */,
			);
			buildRules = (
			);
			dependencies = (
			);
			fileSystemSynchronizedGroups = (
				CD73B46C2DA2FBD30033465A /* ExpensesManager */,
			);
			name = ExpensesManager;
			packageProductDependencies = (
			);
			productName = ExpensesManager;
			productReference = CD73B46A2DA2FBD30033465A /* ExpensesManager.app */;
			productType = "com.apple.product-type.application";
		};
		CD73B4822DA2FBD60033465A /* ExpensesManagerTests */ = {
			isa = PBXNativeTarget;
			buildConfigurationList = CD73B49B2DA2FBD60033465A /* Build configuration list for PBXNativeTarget "ExpensesManagerTests" */;
			buildPhases = (
				CD73B47F2DA2FBD60033465A /* Sources */,
				CD73B4802DA2FBD60033465A /* Frameworks */,
				CD73B4812DA2FBD60033465A /* Resources */,
			);
			buildRules = (
			);
			dependencies = (
				CD73B4852DA2FBD60033465A /* PBXTargetDependency */,
			);
			fileSystemSynchronizedGroups = (
				CD73B4862DA2FBD60033465A /* ExpensesManagerTests */,
			);
			name = ExpensesManagerTests;
			packageProductDependencies = (
			);
			productName = ExpensesManagerTests;
			productReference = CD73B4832DA2FBD60033465A /* ExpensesManagerTests.xctest */;
			productType = "com.apple.product-type.bundle.unit-test";
		};
		CD73B48C2DA2FBD60033465A /* ExpensesManagerUITests */ = {
			isa = PBXNativeTarget;
			buildConfigurationList = CD73B49E2DA2FBD60033465A /* Build configuration list for PBXNativeTarget "ExpensesManagerUITests" */;
			buildPhases = (
				CD73B4892DA2FBD60033465A /* Sources */,
				CD73B48A2DA2FBD60033465A /* Frameworks */,
				CD73B48B2DA2FBD60033465A /* Resources */,
			);
			buildRules = (
			);
			dependencies = (
				CD73B48F2DA2FBD60033465A /* PBXTargetDependency */,
			);
			fileSystemSynchronizedGroups = (
				CD73B4902DA2FBD60033465A /* ExpensesManagerUITests */,
			);
			name = ExpensesManagerUITests;
			packageProductDependencies = (
			);
			productName = ExpensesManagerUITests;
			productReference = CD73B48D2DA2FBD60033465A /* ExpensesManagerUITests.xctest */;
			productType = "com.apple.product-type.bundle.ui-testing";
		};
/* End PBXNativeTarget section */

/* Begin PBXProject section */
		CD73B4622DA2FBD30033465A /* Project object */ = {
			isa = PBXProject;
			attributes = {
				BuildIndependentTargetsInParallel = 1;
				LastSwiftUpdateCheck = 1620;
				LastUpgradeCheck = 1620;
				TargetAttributes = {
					CD73B4692DA2FBD30033465A = {
						CreatedOnToolsVersion = 16.2;
					};
					CD73B4822DA2FBD60033465A = {
						CreatedOnToolsVersion = 16.2;
						TestTargetID = CD73B4692DA2FBD30033465A;
					};
					CD73B48C2DA2FBD60033465A = {
						CreatedOnToolsVersion = 16.2;
						TestTargetID = CD73B4692DA2FBD30033465A;
					};
				};
			};
			buildConfigurationList = CD73B4652DA2FBD30033465A /* Build configuration list for PBXProject "ExpensesManager" */;
			developmentRegion = en;
			hasScannedForEncodings = 0;
			knownRegions = (
				en,
				Base,
			);
			mainGroup = CD73B4612DA2FBD30033465A;
			minimizedProjectReferenceProxies = 1;
			preferredProjectObjectVersion = 77;
			productRefGroup = CD73B46B2DA2FBD30033465A /* Products */;
			projectDirPath = "";
			projectRoot = "";
			targets = (
				CD73B4692DA2FBD30033465A /* ExpensesManager */,
				CD73B4822DA2FBD60033465A /* ExpensesManagerTests */,
				CD73B48C2DA2FBD60033465A /* ExpensesManagerUITests */,
			);
		};
/* End PBXProject section */

/* Begin PBXResourcesBuildPhase section */
		CD73B4682DA2FBD30033465A /* Resources */ = {
			isa = PBXResourcesBuildPhase;
			buildActionMask = 2147483647;
			files = (
			);
			runOnlyForDeploymentPostprocessing = 0;
		};
		CD73B4812DA2FBD60033465A /* Resources */ = {
			isa = PBXResourcesBuildPhase;
			buildActionMask = 2147483647;
			files = (
			);
			runOnlyForDeploymentPostprocessing = 0;
		};
		CD73B48B2DA2FBD60033465A /* Resources */ = {
			isa = PBXResourcesBuildPhase;
			buildActionMask = 2147483647;
			files = (
			);
			runOnlyForDeploymentPostprocessing = 0;
		};
/* End PBXResourcesBuildPhase section */

/* Begin PBXSourcesBuildPhase section */
		CD73B4662DA2FBD30033465A /* Sources */ = {
			isa = PBXSourcesBuildPhase;
			buildActionMask = 2147483647;
			files = (
			);
			runOnlyForDeploymentPostprocessing = 0;
		};
		CD73B47F2DA2FBD60033465A /* Sources */ = {
			isa = PBXSourcesBuildPhase;
			buildActionMask = 2147483647;
			files = (
			);
			runOnlyForDeploymentPostprocessing = 0;
		};
		CD73B4892DA2FBD60033465A /* Sources */ = {
			isa = PBXSourcesBuildPhase;
			buildActionMask = 2147483647;
			files = (
			);
			runOnlyForDeploymentPostprocessing = 0;
		};
/* End PBXSourcesBuildPhase section */

/* Begin PBXTargetDependency section */
		CD73B4852DA2FBD60033465A /* PBXTargetDependency */ = {
			isa = PBXTargetDependency;
			target = CD73B4692DA2FBD30033465A /* ExpensesManager */;
			targetProxy = CD73B4842DA2FBD60033465A /* PBXContainerItemProxy */;
		};
		CD73B48F2DA2FBD60033465A /* PBXTargetDependency */ = {
			isa = PBXTargetDependency;
			target = CD73B4692DA2FBD30033465A /* ExpensesManager */;
			targetProxy = CD73B48E2DA2FBD60033465A /* PBXContainerItemProxy */;
		};
/* End PBXTargetDependency section */

/* Begin XCBuildConfiguration section */
		CD73B4972DA2FBD60033465A /* Debug */ = {
			isa = XCBuildConfiguration;
			buildSettings = {
				ASSETCATALOG_COMPILER_APPICON_NAME = AppIcon;
				ASSETCATALOG_COMPILER_GLOBAL_ACCENT_COLOR_NAME = AccentColor;
				CODE_SIGN_STYLE = Automatic;
				CURRENT_PROJECT_VERSION = 1;
				DEVELOPMENT_TEAM = 2528SV37NF;
				GENERATE_INFOPLIST_FILE = YES;
				INFOPLIST_FILE = ExpensesManager/Info.plist;
				INFOPLIST_KEY_NSCameraUsageDescription = "This example app uses camera to scann documents.";
				INFOPLIST_KEY_UIApplicationSupportsIndirectInputEvents = YES;
				INFOPLIST_KEY_UILaunchStoryboardName = LaunchScreen;
				INFOPLIST_KEY_UISupportedInterfaceOrientations_iPad = "UIInterfaceOrientationPortrait UIInterfaceOrientationPortraitUpsideDown UIInterfaceOrientationLandscapeLeft UIInterfaceOrientationLandscapeRight";
				INFOPLIST_KEY_UISupportedInterfaceOrientations_iPhone = "UIInterfaceOrientationPortrait UIInterfaceOrientationLandscapeLeft UIInterfaceOrientationLandscapeRight";
				IPHONEOS_DEPLOYMENT_TARGET = 16;
				LD_RUNPATH_SEARCH_PATHS = (
					"$(inherited)",
					"@executable_path/Frameworks",
				);
				MARKETING_VERSION = 1.0;
				PRODUCT_BUNDLE_IDENTIFIER = com.andahurjui.ExpenseManager;
				PRODUCT_NAME = "$(TARGET_NAME)";
				SWIFT_EMIT_LOC_STRINGS = YES;
				SWIFT_VERSION = 5.0;
				TARGETED_DEVICE_FAMILY = "1,2";
			};
			name = Debug;
		};
		CD73B4982DA2FBD60033465A /* Release */ = {
			isa = XCBuildConfiguration;
			buildSettings = {
				ASSETCATALOG_COMPILER_APPICON_NAME = AppIcon;
				ASSETCATALOG_COMPILER_GLOBAL_ACCENT_COLOR_NAME = AccentColor;
				CODE_SIGN_STYLE = Automatic;
				CURRENT_PROJECT_VERSION = 1;
				DEVELOPMENT_TEAM = 2528SV37NF;
				GENERATE_INFOPLIST_FILE = YES;
				INFOPLIST_FILE = ExpensesManager/Info.plist;
				INFOPLIST_KEY_NSCameraUsageDescription = "This example app uses camera to scann documents.";
				INFOPLIST_KEY_UIApplicationSupportsIndirectInputEvents = YES;
				INFOPLIST_KEY_UILaunchStoryboardName = LaunchScreen;
				INFOPLIST_KEY_UISupportedInterfaceOrientations_iPad = "UIInterfaceOrientationPortrait UIInterfaceOrientationPortraitUpsideDown UIInterfaceOrientationLandscapeLeft UIInterfaceOrientationLandscapeRight";
				INFOPLIST_KEY_UISupportedInterfaceOrientations_iPhone = "UIInterfaceOrientationPortrait UIInterfaceOrientationLandscapeLeft UIInterfaceOrientationLandscapeRight";
				IPHONEOS_DEPLOYMENT_TARGET = 16;
				LD_RUNPATH_SEARCH_PATHS = (
					"$(inherited)",
					"@executable_path/Frameworks",
				);
				MARKETING_VERSION = 1.0;
				PRODUCT_BUNDLE_IDENTIFIER = com.andahurjui.ExpenseManager;
				PRODUCT_NAME = "$(TARGET_NAME)";
				SWIFT_EMIT_LOC_STRINGS = YES;
				SWIFT_VERSION = 5.0;
				TARGETED_DEVICE_FAMILY = "1,2";
			};
			name = Release;
		};
		CD73B4992DA2FBD60033465A /* Debug */ = {
			isa = XCBuildConfiguration;
			buildSettings = {
				ALWAYS_SEARCH_USER_PATHS = NO;
				ASSETCATALOG_COMPILER_GENERATE_SWIFT_ASSET_SYMBOL_EXTENSIONS = YES;
				CLANG_ANALYZER_NONNULL = YES;
				CLANG_ANALYZER_NUMBER_OBJECT_CONVERSION = YES_AGGRESSIVE;
				CLANG_CXX_LANGUAGE_STANDARD = "gnu++20";
				CLANG_ENABLE_MODULES = YES;
				CLANG_ENABLE_OBJC_ARC = YES;
				CLANG_ENABLE_OBJC_WEAK = YES;
				CLANG_WARN_BLOCK_CAPTURE_AUTORELEASING = YES;
				CLANG_WARN_BOOL_CONVERSION = YES;
				CLANG_WARN_COMMA = YES;
				CLANG_WARN_CONSTANT_CONVERSION = YES;
				CLANG_WARN_DEPRECATED_OBJC_IMPLEMENTATIONS = YES;
				CLANG_WARN_DIRECT_OBJC_ISA_USAGE = YES_ERROR;
				CLANG_WARN_DOCUMENTATION_COMMENTS = YES;
				CLANG_WARN_EMPTY_BODY = YES;
				CLANG_WARN_ENUM_CONVERSION = YES;
				CLANG_WARN_INFINITE_RECURSION = YES;
				CLANG_WARN_INT_CONVERSION = YES;
				CLANG_WARN_NON_LITERAL_NULL_CONVERSION = YES;
				CLANG_WARN_OBJC_IMPLICIT_RETAIN_SELF = YES;
				CLANG_WARN_OBJC_LITERAL_CONVERSION = YES;
				CLANG_WARN_OBJC_ROOT_CLASS = YES_ERROR;
				CLANG_WARN_QUOTED_INCLUDE_IN_FRAMEWORK_HEADER = YES;
				CLANG_WARN_RANGE_LOOP_ANALYSIS = YES;
				CLANG_WARN_STRICT_PROTOTYPES = YES;
				CLANG_WARN_SUSPICIOUS_MOVE = YES;
				CLANG_WARN_UNGUARDED_AVAILABILITY = YES_AGGRESSIVE;
				CLANG_WARN_UNREACHABLE_CODE = YES;
				CLANG_WARN__DUPLICATE_METHOD_MATCH = YES;
				COPY_PHASE_STRIP = NO;
				DEBUG_INFORMATION_FORMAT = dwarf;
				ENABLE_STRICT_OBJC_MSGSEND = YES;
				ENABLE_TESTABILITY = YES;
				ENABLE_USER_SCRIPT_SANDBOXING = YES;
				GCC_C_LANGUAGE_STANDARD = gnu17;
				GCC_DYNAMIC_NO_PIC = NO;
				GCC_NO_COMMON_BLOCKS = YES;
				GCC_OPTIMIZATION_LEVEL = 0;
				GCC_PREPROCESSOR_DEFINITIONS = (
					"DEBUG=1",
					"$(inherited)",
				);
				GCC_WARN_64_TO_32_BIT_CONVERSION = YES;
				GCC_WARN_ABOUT_RETURN_TYPE = YES_ERROR;
				GCC_WARN_UNDECLARED_SELECTOR = YES;
				GCC_WARN_UNINITIALIZED_AUTOS = YES_AGGRESSIVE;
				GCC_WARN_UNUSED_FUNCTION = YES;
				GCC_WARN_UNUSED_VARIABLE = YES;
				IPHONEOS_DEPLOYMENT_TARGET = 18.2;
				LOCALIZATION_PREFERS_STRING_CATALOGS = YES;
				MTL_ENABLE_DEBUG_INFO = INCLUDE_SOURCE;
				MTL_FAST_MATH = YES;
				ONLY_ACTIVE_ARCH = YES;
				SDKROOT = iphoneos;
				SWIFT_ACTIVE_COMPILATION_CONDITIONS = "DEBUG $(inherited)";
				SWIFT_OPTIMIZATION_LEVEL = "-Onone";
			};
			name = Debug;
		};
		CD73B49A2DA2FBD60033465A /* Release */ = {
			isa = XCBuildConfiguration;
			buildSettings = {
				ALWAYS_SEARCH_USER_PATHS = NO;
				ASSETCATALOG_COMPILER_GENERATE_SWIFT_ASSET_SYMBOL_EXTENSIONS = YES;
				CLANG_ANALYZER_NONNULL = YES;
				CLANG_ANALYZER_NUMBER_OBJECT_CONVERSION = YES_AGGRESSIVE;
				CLANG_CXX_LANGUAGE_STANDARD = "gnu++20";
				CLANG_ENABLE_MODULES = YES;
				CLANG_ENABLE_OBJC_ARC = YES;
				CLANG_ENABLE_OBJC_WEAK = YES;
				CLANG_WARN_BLOCK_CAPTURE_AUTORELEASING = YES;
				CLANG_WARN_BOOL_CONVERSION = YES;
				CLANG_WARN_COMMA = YES;
				CLANG_WARN_CONSTANT_CONVERSION = YES;
				CLANG_WARN_DEPRECATED_OBJC_IMPLEMENTATIONS = YES;
				CLANG_WARN_DIRECT_OBJC_ISA_USAGE = YES_ERROR;
				CLANG_WARN_DOCUMENTATION_COMMENTS = YES;
				CLANG_WARN_EMPTY_BODY = YES;
				CLANG_WARN_ENUM_CONVERSION = YES;
				CLANG_WARN_INFINITE_RECURSION = YES;
				CLANG_WARN_INT_CONVERSION = YES;
				CLANG_WARN_NON_LITERAL_NULL_CONVERSION = YES;
				CLANG_WARN_OBJC_IMPLICIT_RETAIN_SELF = YES;
				CLANG_WARN_OBJC_LITERAL_CONVERSION = YES;
				CLANG_WARN_OBJC_ROOT_CLASS = YES_ERROR;
				CLANG_WARN_QUOTED_INCLUDE_IN_FRAMEWORK_HEADER = YES;
				CLANG_WARN_RANGE_LOOP_ANALYSIS = YES;
				CLANG_WARN_STRICT_PROTOTYPES = YES;
				CLANG_WARN_SUSPICIOUS_MOVE = YES;
				CLANG_WARN_UNGUARDED_AVAILABILITY = YES_AGGRESSIVE;
				CLANG_WARN_UNREACHABLE_CODE = YES;
				CLANG_WARN__DUPLICATE_METHOD_MATCH = YES;
				COPY_PHASE_STRIP = NO;
				DEBUG_INFORMATION_FORMAT = "dwarf-with-dsym";
				ENABLE_NS_ASSERTIONS = NO;
				ENABLE_STRICT_OBJC_MSGSEND = YES;
				ENABLE_USER_SCRIPT_SANDBOXING = YES;
				GCC_C_LANGUAGE_STANDARD = gnu17;
				GCC_NO_COMMON_BLOCKS = YES;
				GCC_WARN_64_TO_32_BIT_CONVERSION = YES;
				GCC_WARN_ABOUT_RETURN_TYPE = YES_ERROR;
				GCC_WARN_UNDECLARED_SELECTOR = YES;
				GCC_WARN_UNINITIALIZED_AUTOS = YES_AGGRESSIVE;
				GCC_WARN_UNUSED_FUNCTION = YES;
				GCC_WARN_UNUSED_VARIABLE = YES;
				IPHONEOS_DEPLOYMENT_TARGET = 18.2;
				LOCALIZATION_PREFERS_STRING_CATALOGS = YES;
				MTL_ENABLE_DEBUG_INFO = NO;
				MTL_FAST_MATH = YES;
				SDKROOT = iphoneos;
				SWIFT_COMPILATION_MODE = wholemodule;
				VALIDATE_PRODUCT = YES;
			};
			name = Release;
		};
		CD73B49C2DA2FBD60033465A /* Debug */ = {
			isa = XCBuildConfiguration;
			buildSettings = {
				BUNDLE_LOADER = "$(TEST_HOST)";
				CODE_SIGN_STYLE = Automatic;
				CURRENT_PROJECT_VERSION = 1;
				DEVELOPMENT_TEAM = 2528SV37NF;
				GENERATE_INFOPLIST_FILE = YES;
				IPHONEOS_DEPLOYMENT_TARGET = 16;
				MARKETING_VERSION = 1.0;
				PRODUCT_BUNDLE_IDENTIFIER = com.andahurjui.ExpensesManagerTests;
				PRODUCT_NAME = "$(TARGET_NAME)";
				SWIFT_EMIT_LOC_STRINGS = NO;
				SWIFT_VERSION = 5.0;
				TARGETED_DEVICE_FAMILY = "1,2";
				TEST_HOST = "$(BUILT_PRODUCTS_DIR)/ExpensesManager.app/$(BUNDLE_EXECUTABLE_FOLDER_PATH)/ExpensesManager";
			};
			name = Debug;
		};
		CD73B49D2DA2FBD60033465A /* Release */ = {
			isa = XCBuildConfiguration;
			buildSettings = {
				BUNDLE_LOADER = "$(TEST_HOST)";
				CODE_SIGN_STYLE = Automatic;
				CURRENT_PROJECT_VERSION = 1;
				DEVELOPMENT_TEAM = 2528SV37NF;
				GENERATE_INFOPLIST_FILE = YES;
				IPHONEOS_DEPLOYMENT_TARGET = 16;
				MARKETING_VERSION = 1.0;
				PRODUCT_BUNDLE_IDENTIFIER = com.andahurjui.ExpensesManagerTests;
				PRODUCT_NAME = "$(TARGET_NAME)";
				SWIFT_EMIT_LOC_STRINGS = NO;
				SWIFT_VERSION = 5.0;
				TARGETED_DEVICE_FAMILY = "1,2";
				TEST_HOST = "$(BUILT_PRODUCTS_DIR)/ExpensesManager.app/$(BUNDLE_EXECUTABLE_FOLDER_PATH)/ExpensesManager";
			};
			name = Release;
		};
		CD73B49F2DA2FBD60033465A /* Debug */ = {
			isa = XCBuildConfiguration;
			buildSettings = {
				CODE_SIGN_STYLE = Automatic;
				CURRENT_PROJECT_VERSION = 1;
				DEVELOPMENT_TEAM = 2528SV37NF;
				GENERATE_INFOPLIST_FILE = YES;
				IPHONEOS_DEPLOYMENT_TARGET = 16;
				MARKETING_VERSION = 1.0;
				PRODUCT_BUNDLE_IDENTIFIER = com.andahurjui.ExpenseManagerUITests;
				PRODUCT_NAME = "$(TARGET_NAME)";
				SWIFT_EMIT_LOC_STRINGS = NO;
				SWIFT_VERSION = 5.0;
				TARGETED_DEVICE_FAMILY = "1,2";
				TEST_TARGET_NAME = ExpensesManager;
			};
			name = Debug;
		};
		CD73B4A02DA2FBD60033465A /* Release */ = {
			isa = XCBuildConfiguration;
			buildSettings = {
				CODE_SIGN_STYLE = Automatic;
				CURRENT_PROJECT_VERSION = 1;
				DEVELOPMENT_TEAM = 2528SV37NF;
				GENERATE_INFOPLIST_FILE = YES;
				IPHONEOS_DEPLOYMENT_TARGET = 16;
				MARKETING_VERSION = 1.0;
				PRODUCT_BUNDLE_IDENTIFIER = com.andahurjui.ExpenseManagerUITests;
				PRODUCT_NAME = "$(TARGET_NAME)";
				SWIFT_EMIT_LOC_STRINGS = NO;
				SWIFT_VERSION = 5.0;
				TARGETED_DEVICE_FAMILY = "1,2";
				TEST_TARGET_NAME = ExpensesManager;
			};
			name = Release;
		};
/* End XCBuildConfiguration section */

/* Begin XCConfigurationList section */
		CD73B4652DA2FBD30033465A /* Build configuration list for PBXProject "ExpensesManager" */ = {
			isa = XCConfigurationList;
			buildConfigurations = (
				CD73B4992DA2FBD60033465A /* Debug */,
				CD73B49A2DA2FBD60033465A /* Release */,
			);
			defaultConfigurationIsVisible = 0;
			defaultConfigurationName = Release;
		};
		CD73B4962DA2FBD60033465A /* Build configuration list for PBXNativeTarget "ExpensesManager" */ = {
			isa = XCConfigurationList;
			buildConfigurations = (
				CD73B4972DA2FBD60033465A /* Debug */,
				CD73B4982DA2FBD60033465A /* Release */,
			);
			defaultConfigurationIsVisible = 0;
			defaultConfigurationName = Release;
		};
		CD73B49B2DA2FBD60033465A /* Build configuration list for PBXNativeTarget "ExpensesManagerTests" */ = {
			isa = XCConfigurationList;
			buildConfigurations = (
				CD73B49C2DA2FBD60033465A /* Debug */,
				CD73B49D2DA2FBD60033465A /* Release */,
			);
			defaultConfigurationIsVisible = 0;
			defaultConfigurationName = Release;
		};
		CD73B49E2DA2FBD60033465A /* Build configuration list for PBXNativeTarget "ExpensesManagerUITests" */ = {
			isa = XCConfigurationList;
			buildConfigurations = (
				CD73B49F2DA2FBD60033465A /* Debug */,
				CD73B4A02DA2FBD60033465A /* Release */,
			);
			defaultConfigurationIsVisible = 0;
			defaultConfigurationName = Release;
		};
/* End XCConfigurationList section */
	};
	rootObject = CD73B4622DA2FBD30033465A /* Project object */;
}
